{
  "name": "cinema-microservice",
  "version": "1.0.0",
  "lockfileVersion": 2,
  "requires": true,
  "author": "",
  "description": "Provide movie info",
  "keywords": [],
  "license": "ISC",
  "main": "index.js",
  "packages": {},
  "devDependencies": {
    "jest": "^29.0.2",
    "supertest": "^6.2.4"
  },
  "scripts": {
    "dev": "npx nodemon -r dotenv/config index",
    "start": "node -r dotenv/config index",
    "test": "jest"
  }
}
